
Microsoft Visual Studio Solution File, Format Version 12.00
# Visual Studio Version 17
VisualStudioVersion = 17.7.34221.43
MinimumVisualStudioVersion = 10.0.40219.1
Project("{FAE04EC0-301F-11D3-BF4B-00C04F79EFBC}") = "Print.Service", "Print.Service\Print.Service.csproj", "{281506B5-B044-4D7F-98CE-24316625C3A6}"
EndProject
Project("{FAE04EC0-301F-11D3-BF4B-00C04F79EFBC}") = "Print.Console", "Print.Console\Print.Console.csproj", "{FB0B6DE3-F837-455D-A0D8-FFD68D92573C}"
EndProject
Project("{FAE04EC0-301F-11D3-BF4B-00C04F79EFBC}") = "Print.Tests", "Print.Tests\Print.Tests.csproj", "{ED3AAD69-AC04-4877-806A-416F5C0349D5}"
EndProject
Global
	GlobalSection(SolutionConfigurationPlatforms) = preSolution
		Debug|Any CPU = Debug|Any CPU
		Release|Any CPU = Release|Any CPU
	EndGlobalSection
	GlobalSection(ProjectConfigurationPlatforms) = postSolution
		{281506B5-B044-4D7F-98CE-24316625C3A6}.Debug|Any CPU.ActiveCfg = Debug|Any CPU
		{281506B5-B044-4D7F-98CE-24316625C3A6}.Debug|Any CPU.Build.0 = Debug|Any CPU
		{281506B5-B044-4D7F-98CE-24316625C3A6}.Release|Any CPU.ActiveCfg = Release|Any CPU
		{281506B5-B044-4D7F-98CE-24316625C3A6}.Release|Any CPU.Build.0 = Release|Any CPU
		{FB0B6DE3-F837-455D-A0D8-FFD68D92573C}.Debug|Any CPU.ActiveCfg = Debug|Any CPU
		{FB0B6DE3-F837-455D-A0D8-FFD68D92573C}.Debug|Any CPU.Build.0 = Debug|Any CPU
		{FB0B6DE3-F837-455D-A0D8-FFD68D92573C}.Release|Any CPU.ActiveCfg = Release|Any CPU
		{FB0B6DE3-F837-455D-A0D8-FFD68D92573C}.Release|Any CPU.Build.0 = Release|Any CPU
		{ED3AAD69-AC04-4877-806A-416F5C0349D5}.Debug|Any CPU.ActiveCfg = Debug|Any CPU
		{ED3AAD69-AC04-4877-806A-416F5C0349D5}.Debug|Any CPU.Build.0 = Debug|Any CPU
		{ED3AAD69-AC04-4877-806A-416F5C0349D5}.Release|Any CPU.ActiveCfg = Release|Any CPU
		{ED3AAD69-AC04-4877-806A-416F5C0349D5}.Release|Any CPU.Build.0 = Release|Any CPU
	EndGlobalSection
	GlobalSection(SolutionProperties) = preSolution
		HideSolutionNode = FALSE
	EndGlobalSection
	GlobalSection(ExtensibilityGlobals) = postSolution
		SolutionGuid = {02D0EACC-5530-4232-824D-6C828A6303A2}
	EndGlobalSection
EndGlobal
